
Microsoft Visual Studio Solution File, Format Version 12.00
# Visual Studio Version 16
VisualStudioVersion = 16.0.31624.102
MinimumVisualStudioVersion = 10.0.40219.1
Project("{2150E333-8FDC-42A3-9474-1A3956D46DE8}") = "Services", "Services", "{C2198AEB-E8CF-4F0A-AD0B-9330187687CB}"
EndProject
Project("{2150E333-8FDC-42A3-9474-1A3956D46DE8}") = "Catalog", "Catalog", "{FB3C4687-142A-4E0A-AF94-69DD206D1E06}"
EndProject
Project("{9A19103F-16F7-4668-BE54-9A1E7A4F7556}") = "KT.Services.Catalog", "Services\Catalog\KT.Services.Catalog\KT.Services.Catalog.csproj", "{5028E12A-0E83-4EB5-80C3-59AEEE98A2DB}"
EndProject
Project("{2150E333-8FDC-42A3-9474-1A3956D46DE8}") = "Solution Items", "Solution Items", "{507C3B4E-F10E-4612-B433-D24D86BC2F90}"
	ProjectSection(SolutionItems) = preProject
		Ports.txt = Ports.txt
	EndProjectSection
EndProject
Project("{2150E333-8FDC-42A3-9474-1A3956D46DE8}") = "Shared", "Shared", "{C1A048A0-66CE-4740-9F0E-13C0C0F9550A}"
EndProject
Project("{9A19103F-16F7-4668-BE54-9A1E7A4F7556}") = "KT.Shared", "Shared\KT.Shared\KT.Shared.csproj", "{17BBE3FE-E4CB-4215-B775-1344DC4BB302}"
EndProject
Project("{2150E333-8FDC-42A3-9474-1A3956D46DE8}") = "IdentityServer", "IdentityServer", "{CBDCB283-FC39-4D54-877A-FE80000AF1EE}"
EndProject
Project("{9A19103F-16F7-4668-BE54-9A1E7A4F7556}") = "KT.IdentityServer", "IdentityServer\KT.IdentityServer\KT.IdentityServer.csproj", "{AC1C6576-1006-4395-96B5-7BCC4C4BAE1E}"
EndProject
Global
	GlobalSection(SolutionConfigurationPlatforms) = preSolution
		Debug|Any CPU = Debug|Any CPU
		Release|Any CPU = Release|Any CPU
	EndGlobalSection
	GlobalSection(ProjectConfigurationPlatforms) = postSolution
		{5028E12A-0E83-4EB5-80C3-59AEEE98A2DB}.Debug|Any CPU.ActiveCfg = Debug|Any CPU
		{5028E12A-0E83-4EB5-80C3-59AEEE98A2DB}.Debug|Any CPU.Build.0 = Debug|Any CPU
		{5028E12A-0E83-4EB5-80C3-59AEEE98A2DB}.Release|Any CPU.ActiveCfg = Release|Any CPU
		{5028E12A-0E83-4EB5-80C3-59AEEE98A2DB}.Release|Any CPU.Build.0 = Release|Any CPU
		{17BBE3FE-E4CB-4215-B775-1344DC4BB302}.Debug|Any CPU.ActiveCfg = Debug|Any CPU
		{17BBE3FE-E4CB-4215-B775-1344DC4BB302}.Debug|Any CPU.Build.0 = Debug|Any CPU
		{17BBE3FE-E4CB-4215-B775-1344DC4BB302}.Release|Any CPU.ActiveCfg = Release|Any CPU
		{17BBE3FE-E4CB-4215-B775-1344DC4BB302}.Release|Any CPU.Build.0 = Release|Any CPU
		{AC1C6576-1006-4395-96B5-7BCC4C4BAE1E}.Debug|Any CPU.ActiveCfg = Debug|Any CPU
		{AC1C6576-1006-4395-96B5-7BCC4C4BAE1E}.Debug|Any CPU.Build.0 = Debug|Any CPU
		{AC1C6576-1006-4395-96B5-7BCC4C4BAE1E}.Release|Any CPU.ActiveCfg = Release|Any CPU
		{AC1C6576-1006-4395-96B5-7BCC4C4BAE1E}.Release|Any CPU.Build.0 = Release|Any CPU
	EndGlobalSection
	GlobalSection(SolutionProperties) = preSolution
		HideSolutionNode = FALSE
	EndGlobalSection
	GlobalSection(NestedProjects) = preSolution
		{FB3C4687-142A-4E0A-AF94-69DD206D1E06} = {C2198AEB-E8CF-4F0A-AD0B-9330187687CB}
		{5028E12A-0E83-4EB5-80C3-59AEEE98A2DB} = {FB3C4687-142A-4E0A-AF94-69DD206D1E06}
		{17BBE3FE-E4CB-4215-B775-1344DC4BB302} = {C1A048A0-66CE-4740-9F0E-13C0C0F9550A}
		{AC1C6576-1006-4395-96B5-7BCC4C4BAE1E} = {CBDCB283-FC39-4D54-877A-FE80000AF1EE}
	EndGlobalSection
	GlobalSection(ExtensibilityGlobals) = postSolution
		SolutionGuid = {14ED4A06-1A45-40A3-8638-E19A1AB94D29}
	EndGlobalSection
EndGlobal
